
Microsoft Visual Studio Solution File, Format Version 12.00
# Visual Studio Version 17
VisualStudioVersion = 17.1.32414.318
MinimumVisualStudioVersion = 10.0.40219.1
Project("{FAE04EC0-301F-11D3-BF4B-00C04F79EFBC}") = "x86DisasmUWP", "x86DisasmUWP\x86DisasmUWP.csproj", "{B7274ECE-28CC-4BFE-98A4-6C8E1D7D2721}"
EndProject
Project("{FAE04EC0-301F-11D3-BF4B-00C04F79EFBC}") = "x86Emulator", "x86Emulator\x86Emulator.csproj", "{D6031E45-3DF5-4EDA-9866-E4E45EB6EA12}"
EndProject
Project("{8BC9CEB8-8B4A-11D0-8D11-00A0C91BC942}") = "x86Native", "x86Native\x86Native.vcxproj", "{0E82EE5A-B44A-4B8B-928A-A981C2CF8917}"
EndProject
Global
	GlobalSection(SolutionConfigurationPlatforms) = preSolution
		Debug|Any CPU = Debug|Any CPU
		Debug|ARM = Debug|ARM
		Debug|ARM64 = Debug|ARM64
		Debug|x64 = Debug|x64
		Debug|x86 = Debug|x86
		Release|Any CPU = Release|Any CPU
		Release|ARM = Release|ARM
		Release|ARM64 = Release|ARM64
		Release|x64 = Release|x64
		Release|x86 = Release|x86
		Store|Any CPU = Store|Any CPU
		Store|ARM = Store|ARM
		Store|ARM64 = Store|ARM64
		Store|x64 = Store|x64
		Store|x86 = Store|x86
	EndGlobalSection
	GlobalSection(ProjectConfigurationPlatforms) = postSolution
		{B7274ECE-28CC-4BFE-98A4-6C8E1D7D2721}.Debug|Any CPU.ActiveCfg = Debug|Any CPU
		{B7274ECE-28CC-4BFE-98A4-6C8E1D7D2721}.Debug|Any CPU.Build.0 = Debug|Any CPU
		{B7274ECE-28CC-4BFE-98A4-6C8E1D7D2721}.Debug|ARM.ActiveCfg = Debug|ARM
		{B7274ECE-28CC-4BFE-98A4-6C8E1D7D2721}.Debug|ARM.Build.0 = Debug|ARM
		{B7274ECE-28CC-4BFE-98A4-6C8E1D7D2721}.Debug|ARM64.ActiveCfg = Debug|ARM64
		{B7274ECE-28CC-4BFE-98A4-6C8E1D7D2721}.Debug|ARM64.Build.0 = Debug|ARM64
		{B7274ECE-28CC-4BFE-98A4-6C8E1D7D2721}.Debug|x64.ActiveCfg = Debug|x64
		{B7274ECE-28CC-4BFE-98A4-6C8E1D7D2721}.Debug|x64.Build.0 = Debug|x64
		{B7274ECE-28CC-4BFE-98A4-6C8E1D7D2721}.Debug|x86.ActiveCfg = Debug|x86
		{B7274ECE-28CC-4BFE-98A4-6C8E1D7D2721}.Debug|x86.Build.0 = Debug|x86
		{B7274ECE-28CC-4BFE-98A4-6C8E1D7D2721}.Release|Any CPU.ActiveCfg = Release|Any CPU
		{B7274ECE-28CC-4BFE-98A4-6C8E1D7D2721}.Release|Any CPU.Build.0 = Release|Any CPU
		{B7274ECE-28CC-4BFE-98A4-6C8E1D7D2721}.Release|ARM.ActiveCfg = Release|ARM
		{B7274ECE-28CC-4BFE-98A4-6C8E1D7D2721}.Release|ARM.Build.0 = Release|ARM
		{B7274ECE-28CC-4BFE-98A4-6C8E1D7D2721}.Release|ARM64.ActiveCfg = Release|ARM64
		{B7274ECE-28CC-4BFE-98A4-6C8E1D7D2721}.Release|ARM64.Build.0 = Release|ARM64
		{B7274ECE-28CC-4BFE-98A4-6C8E1D7D2721}.Release|x64.ActiveCfg = Release|x64
		{B7274ECE-28CC-4BFE-98A4-6C8E1D7D2721}.Release|x64.Build.0 = Release|x64
		{B7274ECE-28CC-4BFE-98A4-6C8E1D7D2721}.Release|x86.ActiveCfg = Release|x86
		{B7274ECE-28CC-4BFE-98A4-6C8E1D7D2721}.Release|x86.Build.0 = Release|x86
		{B7274ECE-28CC-4BFE-98A4-6C8E1D7D2721}.Store|Any CPU.ActiveCfg = Release|Any CPU
		{B7274ECE-28CC-4BFE-98A4-6C8E1D7D2721}.Store|Any CPU.Build.0 = Release|Any CPU
		{B7274ECE-28CC-4BFE-98A4-6C8E1D7D2721}.Store|ARM.ActiveCfg = Release|ARM
		{B7274ECE-28CC-4BFE-98A4-6C8E1D7D2721}.Store|ARM.Build.0 = Release|ARM
		{B7274ECE-28CC-4BFE-98A4-6C8E1D7D2721}.Store|ARM64.ActiveCfg = Release|ARM64
		{B7274ECE-28CC-4BFE-98A4-6C8E1D7D2721}.Store|ARM64.Build.0 = Release|ARM64
		{B7274ECE-28CC-4BFE-98A4-6C8E1D7D2721}.Store|x64.ActiveCfg = Release|x64
		{B7274ECE-28CC-4BFE-98A4-6C8E1D7D2721}.Store|x64.Build.0 = Release|x64
		{B7274ECE-28CC-4BFE-98A4-6C8E1D7D2721}.Store|x86.ActiveCfg = Release|x86
		{B7274ECE-28CC-4BFE-98A4-6C8E1D7D2721}.Store|x86.Build.0 = Release|x86
		{D6031E45-3DF5-4EDA-9866-E4E45EB6EA12}.Debug|Any CPU.ActiveCfg = Debug|x64
		{D6031E45-3DF5-4EDA-9866-E4E45EB6EA12}.Debug|Any CPU.Build.0 = Debug|x64
		{D6031E45-3DF5-4EDA-9866-E4E45EB6EA12}.Debug|Any CPU.Deploy.0 = Debug|x64
		{D6031E45-3DF5-4EDA-9866-E4E45EB6EA12}.Debug|ARM.ActiveCfg = Debug|ARM
		{D6031E45-3DF5-4EDA-9866-E4E45EB6EA12}.Debug|ARM.Build.0 = Debug|ARM
		{D6031E45-3DF5-4EDA-9866-E4E45EB6EA12}.Debug|ARM.Deploy.0 = Debug|ARM
		{D6031E45-3DF5-4EDA-9866-E4E45EB6EA12}.Debug|ARM64.ActiveCfg = Debug|ARM64
		{D6031E45-3DF5-4EDA-9866-E4E45EB6EA12}.Debug|ARM64.Build.0 = Debug|ARM64
		{D6031E45-3DF5-4EDA-9866-E4E45EB6EA12}.Debug|ARM64.Deploy.0 = Debug|ARM64
		{D6031E45-3DF5-4EDA-9866-E4E45EB6EA12}.Debug|x64.ActiveCfg = Debug|x64
		{D6031E45-3DF5-4EDA-9866-E4E45EB6EA12}.Debug|x64.Build.0 = Debug|x64
		{D6031E45-3DF5-4EDA-9866-E4E45EB6EA12}.Debug|x64.Deploy.0 = Debug|x64
		{D6031E45-3DF5-4EDA-9866-E4E45EB6EA12}.Debug|x86.ActiveCfg = Debug|x86
		{D6031E45-3DF5-4EDA-9866-E4E45EB6EA12}.Debug|x86.Build.0 = Debug|x86
		{D6031E45-3DF5-4EDA-9866-E4E45EB6EA12}.Debug|x86.Deploy.0 = Debug|x86
		{D6031E45-3DF5-4EDA-9866-E4E45EB6EA12}.Release|Any CPU.ActiveCfg = Release|x64
		{D6031E45-3DF5-4EDA-9866-E4E45EB6EA12}.Release|Any CPU.Build.0 = Release|x64
		{D6031E45-3DF5-4EDA-9866-E4E45EB6EA12}.Release|Any CPU.Deploy.0 = Release|x64
		{D6031E45-3DF5-4EDA-9866-E4E45EB6EA12}.Release|ARM.ActiveCfg = Release|ARM
		{D6031E45-3DF5-4EDA-9866-E4E45EB6EA12}.Release|ARM.Build.0 = Release|ARM
		{D6031E45-3DF5-4EDA-9866-E4E45EB6EA12}.Release|ARM.Deploy.0 = Release|ARM
		{D6031E45-3DF5-4EDA-9866-E4E45EB6EA12}.Release|ARM64.ActiveCfg = Release|ARM64
		{D6031E45-3DF5-4EDA-9866-E4E45EB6EA12}.Release|ARM64.Build.0 = Release|ARM64
		{D6031E45-3DF5-4EDA-9866-E4E45EB6EA12}.Release|ARM64.Deploy.0 = Release|ARM64
		{D6031E45-3DF5-4EDA-9866-E4E45EB6EA12}.Release|x64.ActiveCfg = Release|x64
		{D6031E45-3DF5-4EDA-9866-E4E45EB6EA12}.Release|x64.Build.0 = Release|x64
		{D6031E45-3DF5-4EDA-9866-E4E45EB6EA12}.Release|x64.Deploy.0 = Release|x64
		{D6031E45-3DF5-4EDA-9866-E4E45EB6EA12}.Release|x86.ActiveCfg = Release|x86
		{D6031E45-3DF5-4EDA-9866-E4E45EB6EA12}.Release|x86.Build.0 = Release|x86
		{D6031E45-3DF5-4EDA-9866-E4E45EB6EA12}.Release|x86.Deploy.0 = Release|x86
		{D6031E45-3DF5-4EDA-9866-E4E45EB6EA12}.Store|Any CPU.ActiveCfg = Release|x64
		{D6031E45-3DF5-4EDA-9866-E4E45EB6EA12}.Store|Any CPU.Build.0 = Release|x64
		{D6031E45-3DF5-4EDA-9866-E4E45EB6EA12}.Store|Any CPU.Deploy.0 = Release|x64
		{D6031E45-3DF5-4EDA-9866-E4E45EB6EA12}.Store|ARM.ActiveCfg = Release|ARM
		{D6031E45-3DF5-4EDA-9866-E4E45EB6EA12}.Store|ARM.Build.0 = Release|ARM
		{D6031E45-3DF5-4EDA-9866-E4E45EB6EA12}.Store|ARM.Deploy.0 = Release|ARM
		{D6031E45-3DF5-4EDA-9866-E4E45EB6EA12}.Store|ARM64.ActiveCfg = Release|ARM64
		{D6031E45-3DF5-4EDA-9866-E4E45EB6EA12}.Store|ARM64.Build.0 = Release|ARM64
		{D6031E45-3DF5-4EDA-9866-E4E45EB6EA12}.Store|ARM64.Deploy.0 = Release|ARM64
		{D6031E45-3DF5-4EDA-9866-E4E45EB6EA12}.Store|x64.ActiveCfg = Release|x64
		{D6031E45-3DF5-4EDA-9866-E4E45EB6EA12}.Store|x64.Build.0 = Release|x64
		{D6031E45-3DF5-4EDA-9866-E4E45EB6EA12}.Store|x64.Deploy.0 = Release|x64
		{D6031E45-3DF5-4EDA-9866-E4E45EB6EA12}.Store|x86.ActiveCfg = Release|x86
		{D6031E45-3DF5-4EDA-9866-E4E45EB6EA12}.Store|x86.Build.0 = Release|x86
		{D6031E45-3DF5-4EDA-9866-E4E45EB6EA12}.Store|x86.Deploy.0 = Release|x86
		{0E82EE5A-B44A-4B8B-928A-A981C2CF8917}.Debug|Any CPU.ActiveCfg = Debug|x64
		{0E82EE5A-B44A-4B8B-928A-A981C2CF8917}.Debug|Any CPU.Build.0 = Debug|x64
		{0E82EE5A-B44A-4B8B-928A-A981C2CF8917}.Debug|ARM.ActiveCfg = Debug|ARM
		{0E82EE5A-B44A-4B8B-928A-A981C2CF8917}.Debug|ARM.Build.0 = Debug|ARM
		{0E82EE5A-B44A-4B8B-928A-A981C2CF8917}.Debug|ARM64.ActiveCfg = Debug|x64
		{0E82EE5A-B44A-4B8B-928A-A981C2CF8917}.Debug|ARM64.Build.0 = Debug|x64
		{0E82EE5A-B44A-4B8B-928A-A981C2CF8917}.Debug|x64.ActiveCfg = Debug|x64
		{0E82EE5A-B44A-4B8B-928A-A981C2CF8917}.Debug|x64.Build.0 = Debug|x64
		{0E82EE5A-B44A-4B8B-928A-A981C2CF8917}.Debug|x86.ActiveCfg = Debug|Win32
		{0E82EE5A-B44A-4B8B-928A-A981C2CF8917}.Debug|x86.Build.0 = Debug|Win32
		{0E82EE5A-B44A-4B8B-928A-A981C2CF8917}.Release|Any CPU.ActiveCfg = Release|x64
		{0E82EE5A-B44A-4B8B-928A-A981C2CF8917}.Release|Any CPU.Build.0 = Release|x64
		{0E82EE5A-B44A-4B8B-928A-A981C2CF8917}.Release|ARM.ActiveCfg = Release|ARM
		{0E82EE5A-B44A-4B8B-928A-A981C2CF8917}.Release|ARM.Build.0 = Release|ARM
		{0E82EE5A-B44A-4B8B-928A-A981C2CF8917}.Release|ARM64.ActiveCfg = Release|x64
		{0E82EE5A-B44A-4B8B-928A-A981C2CF8917}.Release|ARM64.Build.0 = Release|x64
		{0E82EE5A-B44A-4B8B-928A-A981C2CF8917}.Release|x64.ActiveCfg = Release|x64
		{0E82EE5A-B44A-4B8B-928A-A981C2CF8917}.Release|x64.Build.0 = Release|x64
		{0E82EE5A-B44A-4B8B-928A-A981C2CF8917}.Release|x86.ActiveCfg = Release|Win32
		{0E82EE5A-B44A-4B8B-928A-A981C2CF8917}.Release|x86.Build.0 = Release|Win32
		{0E82EE5A-B44A-4B8B-928A-A981C2CF8917}.Store|Any CPU.ActiveCfg = Store|x64
		{0E82EE5A-B44A-4B8B-928A-A981C2CF8917}.Store|Any CPU.Build.0 = Store|x64
		{0E82EE5A-B44A-4B8B-928A-A981C2CF8917}.Store|Any CPU.Deploy.0 = Store|x64
		{0E82EE5A-B44A-4B8B-928A-A981C2CF8917}.Store|ARM.ActiveCfg = Store|ARM
		{0E82EE5A-B44A-4B8B-928A-A981C2CF8917}.Store|ARM.Build.0 = Store|ARM
		{0E82EE5A-B44A-4B8B-928A-A981C2CF8917}.Store|ARM.Deploy.0 = Store|ARM
		{0E82EE5A-B44A-4B8B-928A-A981C2CF8917}.Store|ARM64.ActiveCfg = Store|x64
		{0E82EE5A-B44A-4B8B-928A-A981C2CF8917}.Store|ARM64.Build.0 = Store|x64
		{0E82EE5A-B44A-4B8B-928A-A981C2CF8917}.Store|ARM64.Deploy.0 = Store|x64
		{0E82EE5A-B44A-4B8B-928A-A981C2CF8917}.Store|x64.ActiveCfg = Store|x64
		{0E82EE5A-B44A-4B8B-928A-A981C2CF8917}.Store|x64.Build.0 = Store|x64
		{0E82EE5A-B44A-4B8B-928A-A981C2CF8917}.Store|x64.Deploy.0 = Store|x64
		{0E82EE5A-B44A-4B8B-928A-A981C2CF8917}.Store|x86.ActiveCfg = Store|Win32
		{0E82EE5A-B44A-4B8B-928A-A981C2CF8917}.Store|x86.Build.0 = Store|Win32
		{0E82EE5A-B44A-4B8B-928A-A981C2CF8917}.Store|x86.Deploy.0 = Store|Win32
	EndGlobalSection
	GlobalSection(SolutionProperties) = preSolution
		HideSolutionNode = FALSE
	EndGlobalSection
	GlobalSection(ExtensibilityGlobals) = postSolution
		SolutionGuid = {653583EE-C9DA-41BC-9D3F-31CF775AD962}
	EndGlobalSection
EndGlobal
